
Microsoft Visual Studio Solution File, Format Version 12.00
# Visual Studio Version 17
VisualStudioVersion = 17.6.33723.286
MinimumVisualStudioVersion = 10.0.40219.1
Project("{FAE04EC0-301F-11D3-BF4B-00C04F79EFBC}") = "Cadastro", "Cadastro\Cadastro.csproj", "{DB1CDD1E-DCB3-4F1F-A13F-976DC7B6A731}"
EndProject
Project("{FAE04EC0-301F-11D3-BF4B-00C04F79EFBC}") = "Atividade ADO", "Atividade ADO\Atividade ADO.csproj", "{6183F64E-384F-4F9A-A8B3-EA217F8B75F5}"
EndProject
Global
	GlobalSection(SolutionConfigurationPlatforms) = preSolution
		Debug|Any CPU = Debug|Any CPU
		Release|Any CPU = Release|Any CPU
	EndGlobalSection
	GlobalSection(ProjectConfigurationPlatforms) = postSolution
		{DB1CDD1E-DCB3-4F1F-A13F-976DC7B6A731}.Debug|Any CPU.ActiveCfg = Debug|Any CPU
		{DB1CDD1E-DCB3-4F1F-A13F-976DC7B6A731}.Debug|Any CPU.Build.0 = Debug|Any CPU
		{DB1CDD1E-DCB3-4F1F-A13F-976DC7B6A731}.Release|Any CPU.ActiveCfg = Release|Any CPU
		{DB1CDD1E-DCB3-4F1F-A13F-976DC7B6A731}.Release|Any CPU.Build.0 = Release|Any CPU
		{6183F64E-384F-4F9A-A8B3-EA217F8B75F5}.Debug|Any CPU.ActiveCfg = Debug|Any CPU
		{6183F64E-384F-4F9A-A8B3-EA217F8B75F5}.Debug|Any CPU.Build.0 = Debug|Any CPU
		{6183F64E-384F-4F9A-A8B3-EA217F8B75F5}.Release|Any CPU.ActiveCfg = Release|Any CPU
		{6183F64E-384F-4F9A-A8B3-EA217F8B75F5}.Release|Any CPU.Build.0 = Release|Any CPU
	EndGlobalSection
	GlobalSection(SolutionProperties) = preSolution
		HideSolutionNode = FALSE
	EndGlobalSection
	GlobalSection(ExtensibilityGlobals) = postSolution
		SolutionGuid = {AFEDAE80-1706-4897-B3C9-9D91106B8F65}
	EndGlobalSection
EndGlobal
